// !$*UTF8*$!
{
	archiveVersion = 1;
	classes = {
	};
	objectVersion = 56;
	objects = {

/* Begin PBXBuildFile section */
		233D886229277E7F001B124E /* AppDelegate.swift in Sources */ = {isa = PBXBuildFile; fileRef = 233D886129277E7F001B124E /* AppDelegate.swift */; };
		233D886429277E7F001B124E /* SceneDelegate.swift in Sources */ = {isa = PBXBuildFile; fileRef = 233D886329277E7F001B124E /* SceneDelegate.swift */; };
		233D886B29277E83001B124E /* Assets.xcassets in Resources */ = {isa = PBXBuildFile; fileRef = 233D886A29277E83001B124E /* Assets.xcassets */; };
		233D886E29277E83001B124E /* LaunchScreen.storyboard in Resources */ = {isa = PBXBuildFile; fileRef = 233D886C29277E83001B124E /* LaunchScreen.storyboard */; };
		233D887929277E84001B124E /* MadHealthTests.swift in Sources */ = {isa = PBXBuildFile; fileRef = 233D887829277E84001B124E /* MadHealthTests.swift */; };
		233D888329277E84001B124E /* MadHealthUITests.swift in Sources */ = {isa = PBXBuildFile; fileRef = 233D888229277E84001B124E /* MadHealthUITests.swift */; };
		233D888529277E84001B124E /* MadHealthUITestsLaunchTests.swift in Sources */ = {isa = PBXBuildFile; fileRef = 233D888429277E84001B124E /* MadHealthUITestsLaunchTests.swift */; };
		234496132927AC76002FFB0D /* NoInternetStoryboard.storyboard in Resources */ = {isa = PBXBuildFile; fileRef = 234496122927AC76002FFB0D /* NoInternetStoryboard.storyboard */; };
		2344962F2927B153002FFB0D /* InternetCheckHelper.swift in Sources */ = {isa = PBXBuildFile; fileRef = 2344962E2927B153002FFB0D /* InternetCheckHelper.swift */; };
		234496312927B6AF002FFB0D /* NoInternetViewController.swift in Sources */ = {isa = PBXBuildFile; fileRef = 234496302927B6AF002FFB0D /* NoInternetViewController.swift */; };
/* End PBXBuildFile section */

/* Begin PBXContainerItemProxy section */
		233D887529277E84001B124E /* PBXContainerItemProxy */ = {
			isa = PBXContainerItemProxy;
			containerPortal = 233D885629277E7F001B124E /* Project object */;
			proxyType = 1;
			remoteGlobalIDString = 233D885D29277E7F001B124E;
			remoteInfo = MadHealth;
		};
		233D887F29277E84001B124E /* PBXContainerItemProxy */ = {
			isa = PBXContainerItemProxy;
			containerPortal = 233D885629277E7F001B124E /* Project object */;
			proxyType = 1;
			remoteGlobalIDString = 233D885D29277E7F001B124E;
			remoteInfo = MadHealth;
		};
/* End PBXContainerItemProxy section */

/* Begin PBXFileReference section */
		233D885E29277E7F001B124E /* MadHealth.app */ = {isa = PBXFileReference; explicitFileType = wrapper.application; includeInIndex = 0; path = MadHealth.app; sourceTree = BUILT_PRODUCTS_DIR; };
		233D886129277E7F001B124E /* AppDelegate.swift */ = {isa = PBXFileReference; lastKnownFileType = sourcecode.swift; path = AppDelegate.swift; sourceTree = "<group>"; };
		233D886329277E7F001B124E /* SceneDelegate.swift */ = {isa = PBXFileReference; lastKnownFileType = sourcecode.swift; path = SceneDelegate.swift; sourceTree = "<group>"; };
		233D886A29277E83001B124E /* Assets.xcassets */ = {isa = PBXFileReference; lastKnownFileType = folder.assetcatalog; path = Assets.xcassets; sourceTree = "<group>"; };
		233D886D29277E83001B124E /* Base */ = {isa = PBXFileReference; lastKnownFileType = file.storyboard; name = Base; path = Base.lproj/LaunchScreen.storyboard; sourceTree = "<group>"; };
		233D886F29277E83001B124E /* Info.plist */ = {isa = PBXFileReference; lastKnownFileType = text.plist.xml; path = Info.plist; sourceTree = "<group>"; };
		233D887429277E84001B124E /* MadHealthTests.xctest */ = {isa = PBXFileReference; explicitFileType = wrapper.cfbundle; includeInIndex = 0; path = MadHealthTests.xctest; sourceTree = BUILT_PRODUCTS_DIR; };
		233D887829277E84001B124E /* MadHealthTests.swift */ = {isa = PBXFileReference; lastKnownFileType = sourcecode.swift; path = MadHealthTests.swift; sourceTree = "<group>"; };
		233D887E29277E84001B124E /* MadHealthUITests.xctest */ = {isa = PBXFileReference; explicitFileType = wrapper.cfbundle; includeInIndex = 0; path = MadHealthUITests.xctest; sourceTree = BUILT_PRODUCTS_DIR; };
		233D888229277E84001B124E /* MadHealthUITests.swift */ = {isa = PBXFileReference; lastKnownFileType = sourcecode.swift; path = MadHealthUITests.swift; sourceTree = "<group>"; };
		233D888429277E84001B124E /* MadHealthUITestsLaunchTests.swift */ = {isa = PBXFileReference; lastKnownFileType = sourcecode.swift; path = MadHealthUITestsLaunchTests.swift; sourceTree = "<group>"; };
		234496122927AC76002FFB0D /* NoInternetStoryboard.storyboard */ = {isa = PBXFileReference; lastKnownFileType = file.storyboard; path = NoInternetStoryboard.storyboard; sourceTree = "<group>"; };
		234496192927AD00002FFB0D /* Raleway-MediumItalic.ttf */ = {isa = PBXFileReference; lastKnownFileType = file; path = "Raleway-MediumItalic.ttf"; sourceTree = "<group>"; };
		2344961A2927AD01002FFB0D /* Raleway-Bold.ttf */ = {isa = PBXFileReference; lastKnownFileType = file; path = "Raleway-Bold.ttf"; sourceTree = "<group>"; };
		2344961B2927AD01002FFB0D /* Raleway-ThinItalic.ttf */ = {isa = PBXFileReference; lastKnownFileType = file; path = "Raleway-ThinItalic.ttf"; sourceTree = "<group>"; };
		2344961C2927AD01002FFB0D /* Raleway-BlackItalic.ttf */ = {isa = PBXFileReference; lastKnownFileType = file; path = "Raleway-BlackItalic.ttf"; sourceTree = "<group>"; };
		2344961D2927AD01002FFB0D /* Raleway-Regular.ttf */ = {isa = PBXFileReference; lastKnownFileType = file; path = "Raleway-Regular.ttf"; sourceTree = "<group>"; };
		2344961E2927AD02002FFB0D /* Raleway-Light.ttf */ = {isa = PBXFileReference; lastKnownFileType = file; path = "Raleway-Light.ttf"; sourceTree = "<group>"; };
		2344961F2927AD02002FFB0D /* Raleway-SemiBoldItalic.ttf */ = {isa = PBXFileReference; lastKnownFileType = file; path = "Raleway-SemiBoldItalic.ttf"; sourceTree = "<group>"; };
		234496202927AD02002FFB0D /* Raleway-Italic.ttf */ = {isa = PBXFileReference; lastKnownFileType = file; path = "Raleway-Italic.ttf"; sourceTree = "<group>"; };
		234496212927AD02002FFB0D /* Raleway-SemiBold.ttf */ = {isa = PBXFileReference; lastKnownFileType = file; path = "Raleway-SemiBold.ttf"; sourceTree = "<group>"; };
		234496222927AD02002FFB0D /* Raleway-ExtraBold.ttf */ = {isa = PBXFileReference; lastKnownFileType = file; path = "Raleway-ExtraBold.ttf"; sourceTree = "<group>"; };
		234496232927AD03002FFB0D /* Raleway-ExtraBoldItalic.ttf */ = {isa = PBXFileReference; lastKnownFileType = file; path = "Raleway-ExtraBoldItalic.ttf"; sourceTree = "<group>"; };
		234496242927AD03002FFB0D /* Raleway-Thin.ttf */ = {isa = PBXFileReference; lastKnownFileType = file; path = "Raleway-Thin.ttf"; sourceTree = "<group>"; };
		234496252927AD03002FFB0D /* Raleway-Black.ttf */ = {isa = PBXFileReference; lastKnownFileType = file; path = "Raleway-Black.ttf"; sourceTree = "<group>"; };
		234496262927AD03002FFB0D /* Raleway-BoldItalic.ttf */ = {isa = PBXFileReference; lastKnownFileType = file; path = "Raleway-BoldItalic.ttf"; sourceTree = "<group>"; };
		234496272927AD03002FFB0D /* Raleway-LightItalic.ttf */ = {isa = PBXFileReference; lastKnownFileType = file; path = "Raleway-LightItalic.ttf"; sourceTree = "<group>"; };
		234496282927AD03002FFB0D /* Raleway-ExtraLightItalic.ttf */ = {isa = PBXFileReference; lastKnownFileType = file; path = "Raleway-ExtraLightItalic.ttf"; sourceTree = "<group>"; };
		234496292927AD04002FFB0D /* Raleway-ExtraLight.ttf */ = {isa = PBXFileReference; lastKnownFileType = file; path = "Raleway-ExtraLight.ttf"; sourceTree = "<group>"; };
		2344962A2927AD04002FFB0D /* Raleway-Medium.ttf */ = {isa = PBXFileReference; lastKnownFileType = file; path = "Raleway-Medium.ttf"; sourceTree = "<group>"; };
		2344962B2927AD0C002FFB0D /* Raleway-VariableFont_wght.ttf */ = {isa = PBXFileReference; lastKnownFileType = file; path = "Raleway-VariableFont_wght.ttf"; sourceTree = "<group>"; };
		2344962C2927AD0C002FFB0D /* Raleway-Italic-VariableFont_wght.ttf */ = {isa = PBXFileReference; lastKnownFileType = file; path = "Raleway-Italic-VariableFont_wght.ttf"; sourceTree = "<group>"; };
		2344962E2927B153002FFB0D /* InternetCheckHelper.swift */ = {isa = PBXFileReference; lastKnownFileType = sourcecode.swift; path = InternetCheckHelper.swift; sourceTree = "<group>"; };
		234496302927B6AF002FFB0D /* NoInternetViewController.swift */ = {isa = PBXFileReference; lastKnownFileType = sourcecode.swift; path = NoInternetViewController.swift; sourceTree = "<group>"; };
/* End PBXFileReference section */

/* Begin PBXFrameworksBuildPhase section */
		233D885B29277E7F001B124E /* Frameworks */ = {
			isa = PBXFrameworksBuildPhase;
			buildActionMask = 2147483647;
			files = (
			);
			runOnlyForDeploymentPostprocessing = 0;
		};
		233D887129277E84001B124E /* Frameworks */ = {
			isa = PBXFrameworksBuildPhase;
			buildActionMask = 2147483647;
			files = (
			);
			runOnlyForDeploymentPostprocessing = 0;
		};
		233D887B29277E84001B124E /* Frameworks */ = {
			isa = PBXFrameworksBuildPhase;
			buildActionMask = 2147483647;
			files = (
			);
			runOnlyForDeploymentPostprocessing = 0;
		};
/* End PBXFrameworksBuildPhase section */

/* Begin PBXGroup section */
		233D885529277E7F001B124E = {
			isa = PBXGroup;
			children = (
				233D886029277E7F001B124E /* MadHealth */,
				233D887729277E84001B124E /* MadHealthTests */,
				233D888129277E84001B124E /* MadHealthUITests */,
				233D885F29277E7F001B124E /* Products */,
			);
			sourceTree = "<group>";
		};
		233D885F29277E7F001B124E /* Products */ = {
			isa = PBXGroup;
			children = (
				233D885E29277E7F001B124E /* MadHealth.app */,
				233D887429277E84001B124E /* MadHealthTests.xctest */,
				233D887E29277E84001B124E /* MadHealthUITests.xctest */,
			);
			name = Products;
			sourceTree = "<group>";
		};
		233D886029277E7F001B124E /* MadHealth */ = {
			isa = PBXGroup;
			children = (
				234496112927AC54002FFB0D /* No Internet */,
				234496322927BC48002FFB0D /* Base */,
				234496162927ACD7002FFB0D /* Font */,
			);
			path = MadHealth;
			sourceTree = "<group>";
		};
		233D887729277E84001B124E /* MadHealthTests */ = {
			isa = PBXGroup;
			children = (
				233D887829277E84001B124E /* MadHealthTests.swift */,
			);
			path = MadHealthTests;
			sourceTree = "<group>";
		};
		233D888129277E84001B124E /* MadHealthUITests */ = {
			isa = PBXGroup;
			children = (
				233D888229277E84001B124E /* MadHealthUITests.swift */,
				233D888429277E84001B124E /* MadHealthUITestsLaunchTests.swift */,
			);
			path = MadHealthUITests;
			sourceTree = "<group>";
		};
		234496112927AC54002FFB0D /* No Internet */ = {
			isa = PBXGroup;
			children = (
				2344962D2927B132002FFB0D /* Model */,
				234496142927AC81002FFB0D /* View */,
			);
			path = "No Internet";
			sourceTree = "<group>";
		};
		234496142927AC81002FFB0D /* View */ = {
			isa = PBXGroup;
			children = (
				234496122927AC76002FFB0D /* NoInternetStoryboard.storyboard */,
				234496302927B6AF002FFB0D /* NoInternetViewController.swift */,
			);
			path = View;
			sourceTree = "<group>";
		};
		234496162927ACD7002FFB0D /* Font */ = {
			isa = PBXGroup;
			children = (
				234496252927AD03002FFB0D /* Raleway-Black.ttf */,
				2344961C2927AD01002FFB0D /* Raleway-BlackItalic.ttf */,
				2344961A2927AD01002FFB0D /* Raleway-Bold.ttf */,
				234496262927AD03002FFB0D /* Raleway-BoldItalic.ttf */,
				234496222927AD02002FFB0D /* Raleway-ExtraBold.ttf */,
				234496232927AD03002FFB0D /* Raleway-ExtraBoldItalic.ttf */,
				234496292927AD04002FFB0D /* Raleway-ExtraLight.ttf */,
				234496282927AD03002FFB0D /* Raleway-ExtraLightItalic.ttf */,
				234496202927AD02002FFB0D /* Raleway-Italic.ttf */,
				2344961E2927AD02002FFB0D /* Raleway-Light.ttf */,
				234496272927AD03002FFB0D /* Raleway-LightItalic.ttf */,
				2344962A2927AD04002FFB0D /* Raleway-Medium.ttf */,
				234496192927AD00002FFB0D /* Raleway-MediumItalic.ttf */,
				2344961D2927AD01002FFB0D /* Raleway-Regular.ttf */,
				234496212927AD02002FFB0D /* Raleway-SemiBold.ttf */,
				2344961F2927AD02002FFB0D /* Raleway-SemiBoldItalic.ttf */,
				234496242927AD03002FFB0D /* Raleway-Thin.ttf */,
				2344961B2927AD01002FFB0D /* Raleway-ThinItalic.ttf */,
				2344962C2927AD0C002FFB0D /* Raleway-Italic-VariableFont_wght.ttf */,
				2344962B2927AD0C002FFB0D /* Raleway-VariableFont_wght.ttf */,
			);
			path = Font;
			sourceTree = "<group>";
		};
		2344962D2927B132002FFB0D /* Model */ = {
			isa = PBXGroup;
			children = (
				2344962E2927B153002FFB0D /* InternetCheckHelper.swift */,
			);
			path = Model;
			sourceTree = "<group>";
		};
		234496322927BC48002FFB0D /* Base */ = {
			isa = PBXGroup;
			children = (
				233D886129277E7F001B124E /* AppDelegate.swift */,
				233D886329277E7F001B124E /* SceneDelegate.swift */,
				233D886A29277E83001B124E /* Assets.xcassets */,
				233D886F29277E83001B124E /* Info.plist */,
				233D886C29277E83001B124E /* LaunchScreen.storyboard */,
			);
			path = Base;
			sourceTree = "<group>";
		};
/* End PBXGroup section */

/* Begin PBXNativeTarget section */
		233D885D29277E7F001B124E /* MadHealth */ = {
			isa = PBXNativeTarget;
			buildConfigurationList = 233D888829277E84001B124E /* Build configuration list for PBXNativeTarget "MadHealth" */;
			buildPhases = (
				233D885A29277E7F001B124E /* Sources */,
				233D885B29277E7F001B124E /* Frameworks */,
				233D885C29277E7F001B124E /* Resources */,
			);
			buildRules = (
			);
			dependencies = (
			);
			name = MadHealth;
			productName = MadHealth;
			productReference = 233D885E29277E7F001B124E /* MadHealth.app */;
			productType = "com.apple.product-type.application";
		};
		233D887329277E84001B124E /* MadHealthTests */ = {
			isa = PBXNativeTarget;
			buildConfigurationList = 233D888B29277E84001B124E /* Build configuration list for PBXNativeTarget "MadHealthTests" */;
			buildPhases = (
				233D887029277E84001B124E /* Sources */,
				233D887129277E84001B124E /* Frameworks */,
				233D887229277E84001B124E /* Resources */,
			);
			buildRules = (
			);
			dependencies = (
				233D887629277E84001B124E /* PBXTargetDependency */,
			);
			name = MadHealthTests;
			productName = MadHealthTests;
			productReference = 233D887429277E84001B124E /* MadHealthTests.xctest */;
			productType = "com.apple.product-type.bundle.unit-test";
		};
		233D887D29277E84001B124E /* MadHealthUITests */ = {
			isa = PBXNativeTarget;
			buildConfigurationList = 233D888E29277E84001B124E /* Build configuration list for PBXNativeTarget "MadHealthUITests" */;
			buildPhases = (
				233D887A29277E84001B124E /* Sources */,
				233D887B29277E84001B124E /* Frameworks */,
				233D887C29277E84001B124E /* Resources */,
			);
			buildRules = (
			);
			dependencies = (
				233D888029277E84001B124E /* PBXTargetDependency */,
			);
			name = MadHealthUITests;
			productName = MadHealthUITests;
			productReference = 233D887E29277E84001B124E /* MadHealthUITests.xctest */;
			productType = "com.apple.product-type.bundle.ui-testing";
		};
/* End PBXNativeTarget section */

/* Begin PBXProject section */
		233D885629277E7F001B124E /* Project object */ = {
			isa = PBXProject;
			attributes = {
				BuildIndependentTargetsInParallel = 1;
				LastSwiftUpdateCheck = 1410;
				LastUpgradeCheck = 1410;
				TargetAttributes = {
					233D885D29277E7F001B124E = {
						CreatedOnToolsVersion = 14.1;
					};
					233D887329277E84001B124E = {
						CreatedOnToolsVersion = 14.1;
						TestTargetID = 233D885D29277E7F001B124E;
					};
					233D887D29277E84001B124E = {
						CreatedOnToolsVersion = 14.1;
						TestTargetID = 233D885D29277E7F001B124E;
					};
				};
			};
			buildConfigurationList = 233D885929277E7F001B124E /* Build configuration list for PBXProject "MadHealth" */;
			compatibilityVersion = "Xcode 14.0";
			developmentRegion = en;
			hasScannedForEncodings = 0;
			knownRegions = (
				en,
				Base,
			);
			mainGroup = 233D885529277E7F001B124E;
			productRefGroup = 233D885F29277E7F001B124E /* Products */;
			projectDirPath = "";
			projectRoot = "";
			targets = (
				233D885D29277E7F001B124E /* MadHealth */,
				233D887329277E84001B124E /* MadHealthTests */,
				233D887D29277E84001B124E /* MadHealthUITests */,
			);
		};
/* End PBXProject section */

/* Begin PBXResourcesBuildPhase section */
		233D885C29277E7F001B124E /* Resources */ = {
			isa = PBXResourcesBuildPhase;
			buildActionMask = 2147483647;
			files = (
				233D886E29277E83001B124E /* LaunchScreen.storyboard in Resources */,
				234496132927AC76002FFB0D /* NoInternetStoryboard.storyboard in Resources */,
				233D886B29277E83001B124E /* Assets.xcassets in Resources */,
			);
			runOnlyForDeploymentPostprocessing = 0;
		};
		233D887229277E84001B124E /* Resources */ = {
			isa = PBXResourcesBuildPhase;
			buildActionMask = 2147483647;
			files = (
			);
			runOnlyForDeploymentPostprocessing = 0;
		};
		233D887C29277E84001B124E /* Resources */ = {
			isa = PBXResourcesBuildPhase;
			buildActionMask = 2147483647;
			files = (
			);
			runOnlyForDeploymentPostprocessing = 0;
		};
/* End PBXResourcesBuildPhase section */

/* Begin PBXSourcesBuildPhase section */
		233D885A29277E7F001B124E /* Sources */ = {
			isa = PBXSourcesBuildPhase;
			buildActionMask = 2147483647;
			files = (
				233D886229277E7F001B124E /* AppDelegate.swift in Sources */,
				233D886429277E7F001B124E /* SceneDelegate.swift in Sources */,
				234496312927B6AF002FFB0D /* NoInternetViewController.swift in Sources */,
				2344962F2927B153002FFB0D /* InternetCheckHelper.swift in Sources */,
			);
			runOnlyForDeploymentPostprocessing = 0;
		};
		233D887029277E84001B124E /* Sources */ = {
			isa = PBXSourcesBuildPhase;
			buildActionMask = 2147483647;
			files = (
				233D887929277E84001B124E /* MadHealthTests.swift in Sources */,
			);
			runOnlyForDeploymentPostprocessing = 0;
		};
		233D887A29277E84001B124E /* Sources */ = {
			isa = PBXSourcesBuildPhase;
			buildActionMask = 2147483647;
			files = (
				233D888329277E84001B124E /* MadHealthUITests.swift in Sources */,
				233D888529277E84001B124E /* MadHealthUITestsLaunchTests.swift in Sources */,
			);
			runOnlyForDeploymentPostprocessing = 0;
		};
/* End PBXSourcesBuildPhase section */

/* Begin PBXTargetDependency section */
		233D887629277E84001B124E /* PBXTargetDependency */ = {
			isa = PBXTargetDependency;
			target = 233D885D29277E7F001B124E /* MadHealth */;
			targetProxy = 233D887529277E84001B124E /* PBXContainerItemProxy */;
		};
		233D888029277E84001B124E /* PBXTargetDependency */ = {
			isa = PBXTargetDependency;
			target = 233D885D29277E7F001B124E /* MadHealth */;
			targetProxy = 233D887F29277E84001B124E /* PBXContainerItemProxy */;
		};
/* End PBXTargetDependency section */

/* Begin PBXVariantGroup section */
		233D886C29277E83001B124E /* LaunchScreen.storyboard */ = {
			isa = PBXVariantGroup;
			children = (
				233D886D29277E83001B124E /* Base */,
			);
			name = LaunchScreen.storyboard;
			sourceTree = "<group>";
		};
/* End PBXVariantGroup section */

/* Begin XCBuildConfiguration section */
		233D888629277E84001B124E /* Debug */ = {
			isa = XCBuildConfiguration;
			buildSettings = {
				ALWAYS_SEARCH_USER_PATHS = NO;
				CLANG_ANALYZER_NONNULL = YES;
				CLANG_ANALYZER_NUMBER_OBJECT_CONVERSION = YES_AGGRESSIVE;
				CLANG_CXX_LANGUAGE_STANDARD = "gnu++20";
				CLANG_ENABLE_MODULES = YES;
				CLANG_ENABLE_OBJC_ARC = YES;
				CLANG_ENABLE_OBJC_WEAK = YES;
				CLANG_WARN_BLOCK_CAPTURE_AUTORELEASING = YES;
				CLANG_WARN_BOOL_CONVERSION = YES;
				CLANG_WARN_COMMA = YES;
				CLANG_WARN_CONSTANT_CONVERSION = YES;
				CLANG_WARN_DEPRECATED_OBJC_IMPLEMENTATIONS = YES;
				CLANG_WARN_DIRECT_OBJC_ISA_USAGE = YES_ERROR;
				CLANG_WARN_DOCUMENTATION_COMMENTS = YES;
				CLANG_WARN_EMPTY_BODY = YES;
				CLANG_WARN_ENUM_CONVERSION = YES;
				CLANG_WARN_INFINITE_RECURSION = YES;
				CLANG_WARN_INT_CONVERSION = YES;
				CLANG_WARN_NON_LITERAL_NULL_CONVERSION = YES;
				CLANG_WARN_OBJC_IMPLICIT_RETAIN_SELF = YES;
				CLANG_WARN_OBJC_LITERAL_CONVERSION = YES;
				CLANG_WARN_OBJC_ROOT_CLASS = YES_ERROR;
				CLANG_WARN_QUOTED_INCLUDE_IN_FRAMEWORK_HEADER = YES;
				CLANG_WARN_RANGE_LOOP_ANALYSIS = YES;
				CLANG_WARN_STRICT_PROTOTYPES = YES;
				CLANG_WARN_SUSPICIOUS_MOVE = YES;
				CLANG_WARN_UNGUARDED_AVAILABILITY = YES_AGGRESSIVE;
				CLANG_WARN_UNREACHABLE_CODE = YES;
				CLANG_WARN__DUPLICATE_METHOD_MATCH = YES;
				COPY_PHASE_STRIP = NO;
				DEBUG_INFORMATION_FORMAT = dwarf;
				ENABLE_STRICT_OBJC_MSGSEND = YES;
				ENABLE_TESTABILITY = YES;
				GCC_C_LANGUAGE_STANDARD = gnu11;
				GCC_DYNAMIC_NO_PIC = NO;
				GCC_NO_COMMON_BLOCKS = YES;
				GCC_OPTIMIZATION_LEVEL = 0;
				GCC_PREPROCESSOR_DEFINITIONS = (
					"DEBUG=1",
					"$(inherited)",
				);
				GCC_WARN_64_TO_32_BIT_CONVERSION = YES;
				GCC_WARN_ABOUT_RETURN_TYPE = YES_ERROR;
				GCC_WARN_UNDECLARED_SELECTOR = YES;
				GCC_WARN_UNINITIALIZED_AUTOS = YES_AGGRESSIVE;
				GCC_WARN_UNUSED_FUNCTION = YES;
				GCC_WARN_UNUSED_VARIABLE = YES;
				IPHONEOS_DEPLOYMENT_TARGET = 16.1;
				MTL_ENABLE_DEBUG_INFO = INCLUDE_SOURCE;
				MTL_FAST_MATH = YES;
				ONLY_ACTIVE_ARCH = YES;
				SDKROOT = iphoneos;
				SWIFT_ACTIVE_COMPILATION_CONDITIONS = DEBUG;
				SWIFT_OPTIMIZATION_LEVEL = "-Onone";
			};
			name = Debug;
		};
		233D888729277E84001B124E /* Release */ = {
			isa = XCBuildConfiguration;
			buildSettings = {
				ALWAYS_SEARCH_USER_PATHS = NO;
				CLANG_ANALYZER_NONNULL = YES;
				CLANG_ANALYZER_NUMBER_OBJECT_CONVERSION = YES_AGGRESSIVE;
				CLANG_CXX_LANGUAGE_STANDARD = "gnu++20";
				CLANG_ENABLE_MODULES = YES;
				CLANG_ENABLE_OBJC_ARC = YES;
				CLANG_ENABLE_OBJC_WEAK = YES;
				CLANG_WARN_BLOCK_CAPTURE_AUTORELEASING = YES;
				CLANG_WARN_BOOL_CONVERSION = YES;
				CLANG_WARN_COMMA = YES;
				CLANG_WARN_CONSTANT_CONVERSION = YES;
				CLANG_WARN_DEPRECATED_OBJC_IMPLEMENTATIONS = YES;
				CLANG_WARN_DIRECT_OBJC_ISA_USAGE = YES_ERROR;
				CLANG_WARN_DOCUMENTATION_COMMENTS = YES;
				CLANG_WARN_EMPTY_BODY = YES;
				CLANG_WARN_ENUM_CONVERSION = YES;
				CLANG_WARN_INFINITE_RECURSION = YES;
				CLANG_WARN_INT_CONVERSION = YES;
				CLANG_WARN_NON_LITERAL_NULL_CONVERSION = YES;
				CLANG_WARN_OBJC_IMPLICIT_RETAIN_SELF = YES;
				CLANG_WARN_OBJC_LITERAL_CONVERSION = YES;
				CLANG_WARN_OBJC_ROOT_CLASS = YES_ERROR;
				CLANG_WARN_QUOTED_INCLUDE_IN_FRAMEWORK_HEADER = YES;
				CLANG_WARN_RANGE_LOOP_ANALYSIS = YES;
				CLANG_WARN_STRICT_PROTOTYPES = YES;
				CLANG_WARN_SUSPICIOUS_MOVE = YES;
				CLANG_WARN_UNGUARDED_AVAILABILITY = YES_AGGRESSIVE;
				CLANG_WARN_UNREACHABLE_CODE = YES;
				CLANG_WARN__DUPLICATE_METHOD_MATCH = YES;
				COPY_PHASE_STRIP = NO;
				DEBUG_INFORMATION_FORMAT = "dwarf-with-dsym";
				ENABLE_NS_ASSERTIONS = NO;
				ENABLE_STRICT_OBJC_MSGSEND = YES;
				GCC_C_LANGUAGE_STANDARD = gnu11;
				GCC_NO_COMMON_BLOCKS = YES;
				GCC_WARN_64_TO_32_BIT_CONVERSION = YES;
				GCC_WARN_ABOUT_RETURN_TYPE = YES_ERROR;
				GCC_WARN_UNDECLARED_SELECTOR = YES;
				GCC_WARN_UNINITIALIZED_AUTOS = YES_AGGRESSIVE;
				GCC_WARN_UNUSED_FUNCTION = YES;
				GCC_WARN_UNUSED_VARIABLE = YES;
				IPHONEOS_DEPLOYMENT_TARGET = 16.1;
				MTL_ENABLE_DEBUG_INFO = NO;
				MTL_FAST_MATH = YES;
				SDKROOT = iphoneos;
				SWIFT_COMPILATION_MODE = wholemodule;
				SWIFT_OPTIMIZATION_LEVEL = "-O";
				VALIDATE_PRODUCT = YES;
			};
			name = Release;
		};
		233D888929277E84001B124E /* Debug */ = {
			isa = XCBuildConfiguration;
			buildSettings = {
				ASSETCATALOG_COMPILER_APPICON_NAME = AppIcon;
				ASSETCATALOG_COMPILER_GLOBAL_ACCENT_COLOR_NAME = AccentColor;
				CODE_SIGN_STYLE = Automatic;
				CURRENT_PROJECT_VERSION = 1;
				DEVELOPMENT_TEAM = VL3FXAW254;
				GENERATE_INFOPLIST_FILE = YES;
				INFOPLIST_FILE = MadHealth/Info.plist;
				INFOPLIST_KEY_UIApplicationSupportsIndirectInputEvents = YES;
				INFOPLIST_KEY_UILaunchStoryboardName = LaunchScreen;
				INFOPLIST_KEY_UIStatusBarStyle = "";
				INFOPLIST_KEY_UISupportedInterfaceOrientations_iPad = "UIInterfaceOrientationPortrait UIInterfaceOrientationPortraitUpsideDown UIInterfaceOrientationLandscapeLeft UIInterfaceOrientationLandscapeRight";
				INFOPLIST_KEY_UISupportedInterfaceOrientations_iPhone = "UIInterfaceOrientationPortrait UIInterfaceOrientationLandscapeLeft UIInterfaceOrientationLandscapeRight";
				LD_RUNPATH_SEARCH_PATHS = (
					"$(inherited)",
					"@executable_path/Frameworks",
				);
				MARKETING_VERSION = 1.0;
				PRODUCT_BUNDLE_IDENTIFIER = waps.MadHealth;
				PRODUCT_NAME = "$(TARGET_NAME)";
				SWIFT_EMIT_LOC_STRINGS = YES;
				SWIFT_VERSION = 5.0;
				TARGETED_DEVICE_FAMILY = "1,2";
			};
			name = Debug;
		};
		233D888A29277E84001B124E /* Release */ = {
			isa = XCBuildConfiguration;
			buildSettings = {
				ASSETCATALOG_COMPILER_APPICON_NAME = AppIcon;
				ASSETCATALOG_COMPILER_GLOBAL_ACCENT_COLOR_NAME = AccentColor;
				CODE_SIGN_STYLE = Automatic;
				CURRENT_PROJECT_VERSION = 1;
				DEVELOPMENT_TEAM = VL3FXAW254;
				GENERATE_INFOPLIST_FILE = YES;
				INFOPLIST_FILE = MadHealth/Info.plist;
				INFOPLIST_KEY_UIApplicationSupportsIndirectInputEvents = YES;
				INFOPLIST_KEY_UILaunchStoryboardName = LaunchScreen;
				INFOPLIST_KEY_UIStatusBarStyle = "";
				INFOPLIST_KEY_UISupportedInterfaceOrientations_iPad = "UIInterfaceOrientationPortrait UIInterfaceOrientationPortraitUpsideDown UIInterfaceOrientationLandscapeLeft UIInterfaceOrientationLandscapeRight";
				INFOPLIST_KEY_UISupportedInterfaceOrientations_iPhone = "UIInterfaceOrientationPortrait UIInterfaceOrientationLandscapeLeft UIInterfaceOrientationLandscapeRight";
				LD_RUNPATH_SEARCH_PATHS = (
					"$(inherited)",
					"@executable_path/Frameworks",
				);
				MARKETING_VERSION = 1.0;
				PRODUCT_BUNDLE_IDENTIFIER = waps.MadHealth;
				PRODUCT_NAME = "$(TARGET_NAME)";
				SWIFT_EMIT_LOC_STRINGS = YES;
				SWIFT_VERSION = 5.0;
				TARGETED_DEVICE_FAMILY = "1,2";
			};
			name = Release;
		};
		233D888C29277E84001B124E /* Debug */ = {
			isa = XCBuildConfiguration;
			buildSettings = {
				ALWAYS_EMBED_SWIFT_STANDARD_LIBRARIES = YES;
				BUNDLE_LOADER = "$(TEST_HOST)";
				CODE_SIGN_STYLE = Automatic;
				CURRENT_PROJECT_VERSION = 1;
				DEVELOPMENT_TEAM = VL3FXAW254;
				GENERATE_INFOPLIST_FILE = YES;
				IPHONEOS_DEPLOYMENT_TARGET = 16.1;
				MARKETING_VERSION = 1.0;
				PRODUCT_BUNDLE_IDENTIFIER = waps.MadHealthTests;
				PRODUCT_NAME = "$(TARGET_NAME)";
				SWIFT_EMIT_LOC_STRINGS = NO;
				SWIFT_VERSION = 5.0;
				TARGETED_DEVICE_FAMILY = "1,2";
				TEST_HOST = "$(BUILT_PRODUCTS_DIR)/MadHealth.app/$(BUNDLE_EXECUTABLE_FOLDER_PATH)/MadHealth";
			};
			name = Debug;
		};
		233D888D29277E84001B124E /* Release */ = {
			isa = XCBuildConfiguration;
			buildSettings = {
				ALWAYS_EMBED_SWIFT_STANDARD_LIBRARIES = YES;
				BUNDLE_LOADER = "$(TEST_HOST)";
				CODE_SIGN_STYLE = Automatic;
				CURRENT_PROJECT_VERSION = 1;
				DEVELOPMENT_TEAM = VL3FXAW254;
				GENERATE_INFOPLIST_FILE = YES;
				IPHONEOS_DEPLOYMENT_TARGET = 16.1;
				MARKETING_VERSION = 1.0;
				PRODUCT_BUNDLE_IDENTIFIER = waps.MadHealthTests;
				PRODUCT_NAME = "$(TARGET_NAME)";
				SWIFT_EMIT_LOC_STRINGS = NO;
				SWIFT_VERSION = 5.0;
				TARGETED_DEVICE_FAMILY = "1,2";
				TEST_HOST = "$(BUILT_PRODUCTS_DIR)/MadHealth.app/$(BUNDLE_EXECUTABLE_FOLDER_PATH)/MadHealth";
			};
			name = Release;
		};
		233D888F29277E84001B124E /* Debug */ = {
			isa = XCBuildConfiguration;
			buildSettings = {
				ALWAYS_EMBED_SWIFT_STANDARD_LIBRARIES = YES;
				CODE_SIGN_STYLE = Automatic;
				CURRENT_PROJECT_VERSION = 1;
				DEVELOPMENT_TEAM = VL3FXAW254;
				GENERATE_INFOPLIST_FILE = YES;
				MARKETING_VERSION = 1.0;
				PRODUCT_BUNDLE_IDENTIFIER = waps.MadHealthUITests;
				PRODUCT_NAME = "$(TARGET_NAME)";
				SWIFT_EMIT_LOC_STRINGS = NO;
				SWIFT_VERSION = 5.0;
				TARGETED_DEVICE_FAMILY = "1,2";
				TEST_TARGET_NAME = MadHealth;
			};
			name = Debug;
		};
		233D889029277E84001B124E /* Release */ = {
			isa = XCBuildConfiguration;
			buildSettings = {
				ALWAYS_EMBED_SWIFT_STANDARD_LIBRARIES = YES;
				CODE_SIGN_STYLE = Automatic;
				CURRENT_PROJECT_VERSION = 1;
				DEVELOPMENT_TEAM = VL3FXAW254;
				GENERATE_INFOPLIST_FILE = YES;
				MARKETING_VERSION = 1.0;
				PRODUCT_BUNDLE_IDENTIFIER = waps.MadHealthUITests;
				PRODUCT_NAME = "$(TARGET_NAME)";
				SWIFT_EMIT_LOC_STRINGS = NO;
				SWIFT_VERSION = 5.0;
				TARGETED_DEVICE_FAMILY = "1,2";
				TEST_TARGET_NAME = MadHealth;
			};
			name = Release;
		};
/* End XCBuildConfiguration section */

/* Begin XCConfigurationList section */
		233D885929277E7F001B124E /* Build configuration list for PBXProject "MadHealth" */ = {
			isa = XCConfigurationList;
			buildConfigurations = (
				233D888629277E84001B124E /* Debug */,
				233D888729277E84001B124E /* Release */,
			);
			defaultConfigurationIsVisible = 0;
			defaultConfigurationName = Release;
		};
		233D888829277E84001B124E /* Build configuration list for PBXNativeTarget "MadHealth" */ = {
			isa = XCConfigurationList;
			buildConfigurations = (
				233D888929277E84001B124E /* Debug */,
				233D888A29277E84001B124E /* Release */,
			);
			defaultConfigurationIsVisible = 0;
			defaultConfigurationName = Release;
		};
		233D888B29277E84001B124E /* Build configuration list for PBXNativeTarget "MadHealthTests" */ = {
			isa = XCConfigurationList;
			buildConfigurations = (
				233D888C29277E84001B124E /* Debug */,
				233D888D29277E84001B124E /* Release */,
			);
			defaultConfigurationIsVisible = 0;
			defaultConfigurationName = Release;
		};
		233D888E29277E84001B124E /* Build configuration list for PBXNativeTarget "MadHealthUITests" */ = {
			isa = XCConfigurationList;
			buildConfigurations = (
				233D888F29277E84001B124E /* Debug */,
				233D889029277E84001B124E /* Release */,
			);
			defaultConfigurationIsVisible = 0;
			defaultConfigurationName = Release;
		};
/* End XCConfigurationList section */
	};
	rootObject = 233D885629277E7F001B124E /* Project object */;
}
